{
  "name": "zenn-contents",
  "version": "1.0.0",
  "lockfileVersion": 2,
  "requires": true,
  "packages": {
    "": {
      "name": "zenn-contents",
      "version": "1.0.0",
      "license": "ISC",
      "dependencies": {
        "zenn-cli": "^0.1.160"
      }
    },
    "node_modules/zenn-cli": {
      "version": "0.1.160",
      "resolved": "https://registry.npmjs.org/zenn-cli/-/zenn-cli-0.1.160.tgz",
      "integrity": "sha512-BpB0DYhWOSR/yN4u6EnDmEd3mSQ88nSxzhj119L9QV4JWNC/Qbmd18Bvu68uO8q9MclETntJ77ID8HjUOR31Sg==",
      "license": "MIT",
      "bin": {
        "zenn": "dist/server/zenn.js"
      },
      "engines": {
        "node": ">=14.0.0"
      }
    }
  },
  "dependencies": {
    "zenn-cli": {
      "version": "0.1.160",
      "resolved": "https://registry.npmjs.org/zenn-cli/-/zenn-cli-0.1.160.tgz",
      "integrity": "sha512-BpB0DYhWOSR/yN4u6EnDmEd3mSQ88nSxzhj119L9QV4JWNC/Qbmd18Bvu68uO8q9MclETntJ77ID8HjUOR31Sg=="
    }
  }
}
